
Microsoft Visual Studio Solution File, Format Version 12.00
# Visual Studio Version 17
VisualStudioVersion = 17.0.31903.59
MinimumVisualStudioVersion = 10.0.40219.1
Project("{FAE04EC0-301F-11D3-BF4B-00C04F79EFBC}") = "MiApi", "MiApi\MiApi.csproj", "{5CAECFD1-F16F-4449-99C6-0A972CAA7D29}"
EndProject
Project("{FAE04EC0-301F-11D3-BF4B-00C04F79EFBC}") = "BlazorServerApp", "BlazorServerApp\BlazorServerApp.csproj", "{B4135894-B523-43B3-84F7-2B1A9C346E24}"
EndProject
Global
	GlobalSection(SolutionConfigurationPlatforms) = preSolution
		Debug|Any CPU = Debug|Any CPU
		Release|Any CPU = Release|Any CPU
	EndGlobalSection
	GlobalSection(SolutionProperties) = preSolution
		HideSolutionNode = FALSE
	EndGlobalSection
	GlobalSection(ProjectConfigurationPlatforms) = postSolution
		{5CAECFD1-F16F-4449-99C6-0A972CAA7D29}.Debug|Any CPU.ActiveCfg = Debug|Any CPU
		{5CAECFD1-F16F-4449-99C6-0A972CAA7D29}.Debug|Any CPU.Build.0 = Debug|Any CPU
		{5CAECFD1-F16F-4449-99C6-0A972CAA7D29}.Release|Any CPU.ActiveCfg = Release|Any CPU
		{5CAECFD1-F16F-4449-99C6-0A972CAA7D29}.Release|Any CPU.Build.0 = Release|Any CPU
		{B4135894-B523-43B3-84F7-2B1A9C346E24}.Debug|Any CPU.ActiveCfg = Debug|Any CPU
		{B4135894-B523-43B3-84F7-2B1A9C346E24}.Debug|Any CPU.Build.0 = Debug|Any CPU
		{B4135894-B523-43B3-84F7-2B1A9C346E24}.Release|Any CPU.ActiveCfg = Release|Any CPU
		{B4135894-B523-43B3-84F7-2B1A9C346E24}.Release|Any CPU.Build.0 = Release|Any CPU
	EndGlobalSection
EndGlobal
