
Microsoft Visual Studio Solution File, Format Version 12.00
# Visual Studio Version 17
VisualStudioVersion = 17.5.002.0
MinimumVisualStudioVersion = 10.0.40219.1
Project("{9A19103F-16F7-4668-BE54-9A1E7A4F7556}") = "BlazorServerApp", "BlazorServerApp.csproj", "{B72F450D-3134-43D0-A926-4C7C3BA241E2}"
EndProject
Global
	GlobalSection(SolutionConfigurationPlatforms) = preSolution
		Debug|Any CPU = Debug|Any CPU
		Release|Any CPU = Release|Any CPU
	EndGlobalSection
	GlobalSection(ProjectConfigurationPlatforms) = postSolution
		{B72F450D-3134-43D0-A926-4C7C3BA241E2}.Debug|Any CPU.ActiveCfg = Debug|Any CPU
		{B72F450D-3134-43D0-A926-4C7C3BA241E2}.Debug|Any CPU.Build.0 = Debug|Any CPU
		{B72F450D-3134-43D0-A926-4C7C3BA241E2}.Release|Any CPU.ActiveCfg = Release|Any CPU
		{B72F450D-3134-43D0-A926-4C7C3BA241E2}.Release|Any CPU.Build.0 = Release|Any CPU
	EndGlobalSection
	GlobalSection(SolutionProperties) = preSolution
		HideSolutionNode = FALSE
	EndGlobalSection
	GlobalSection(ExtensibilityGlobals) = postSolution
		SolutionGuid = {92C51075-7454-4045-98CF-2091EA580981}
	EndGlobalSection
EndGlobal
